
Microsoft Visual Studio Solution File, Format Version 12.00
# Visual Studio Version 17
VisualStudioVersion = 17.7.34221.43
MinimumVisualStudioVersion = 10.0.40219.1
Project("{8BC9CEB8-8B4A-11D0-8D11-00A0C91BC942}") = "CG2_DirectX", "CG2_DirectX.vcxproj", "{EA3995FC-4F43-4035-9F99-2E0E860D9B4A}"
EndProject
Project("{2150E333-8FDC-42A3-9474-1A3956D46DE8}") = "ソリューション項目", "ソリューション項目", "{E8CE8A7B-7851-4389-A325-20BF9767B828}"
	ProjectSection(SolutionItems) = preProject
		.editorconfig = .editorconfig
	EndProjectSection
EndProject
Project("{8BC9CEB8-8B4A-11D0-8D11-00A0C91BC942}") = "DirectXTex", "externals\DirectXTex\DirectXTex_Desktop_2022_Win10.vcxproj", "{371B9FA9-4C90-4AC6-A123-ACED756D6C77}"
EndProject
Global
	GlobalSection(SolutionConfigurationPlatforms) = preSolution
		Debug|x64 = Debug|x64
		Profile|x64 = Profile|x64
		Release|x64 = Release|x64
	EndGlobalSection
	GlobalSection(ProjectConfigurationPlatforms) = postSolution
		{EA3995FC-4F43-4035-9F99-2E0E860D9B4A}.Debug|x64.ActiveCfg = Debug|x64
		{EA3995FC-4F43-4035-9F99-2E0E860D9B4A}.Debug|x64.Build.0 = Debug|x64
		{EA3995FC-4F43-4035-9F99-2E0E860D9B4A}.Profile|x64.ActiveCfg = Release|x64
		{EA3995FC-4F43-4035-9F99-2E0E860D9B4A}.Profile|x64.Build.0 = Release|x64
		{EA3995FC-4F43-4035-9F99-2E0E860D9B4A}.Release|x64.ActiveCfg = Release|x64
		{EA3995FC-4F43-4035-9F99-2E0E860D9B4A}.Release|x64.Build.0 = Release|x64
		{371B9FA9-4C90-4AC6-A123-ACED756D6C77}.Debug|x64.ActiveCfg = Debug|x64
		{371B9FA9-4C90-4AC6-A123-ACED756D6C77}.Debug|x64.Build.0 = Debug|x64
		{371B9FA9-4C90-4AC6-A123-ACED756D6C77}.Profile|x64.ActiveCfg = Profile|x64
		{371B9FA9-4C90-4AC6-A123-ACED756D6C77}.Profile|x64.Build.0 = Profile|x64
		{371B9FA9-4C90-4AC6-A123-ACED756D6C77}.Release|x64.ActiveCfg = Release|x64
		{371B9FA9-4C90-4AC6-A123-ACED756D6C77}.Release|x64.Build.0 = Release|x64
	EndGlobalSection
	GlobalSection(SolutionProperties) = preSolution
		HideSolutionNode = FALSE
	EndGlobalSection
	GlobalSection(ExtensibilityGlobals) = postSolution
		SolutionGuid = {EE853C34-8FB3-4F49-8321-85F81D7E784C}
	EndGlobalSection
EndGlobal
